// !$*UTF8*$!
{
	archiveVersion = 1;
	classes = {
	};
	objectVersion = 46;
	objects = {

/* Begin PBXBuildFile section */
		00273EF31A4D4B3800CB6E2E /* AppDelegate.swift in Sources */ = {isa = PBXBuildFile; fileRef = 00273EF21A4D4B3800CB6E2E /* AppDelegate.swift */; };
		00273EF51A4D4B3800CB6E2E /* ViewController.swift in Sources */ = {isa = PBXBuildFile; fileRef = 00273EF41A4D4B3800CB6E2E /* ViewController.swift */; };
		00273EF81A4D4B3800CB6E2E /* Main.storyboard in Resources */ = {isa = PBXBuildFile; fileRef = 00273EF61A4D4B3800CB6E2E /* Main.storyboard */; };
		00273EFA1A4D4B3800CB6E2E /* Images.xcassets in Resources */ = {isa = PBXBuildFile; fileRef = 00273EF91A4D4B3800CB6E2E /* Images.xcassets */; };
		00273EFD1A4D4B3800CB6E2E /* LaunchScreen.xib in Resources */ = {isa = PBXBuildFile; fileRef = 00273EFB1A4D4B3800CB6E2E /* LaunchScreen.xib */; };
		00273F091A4D4B3800CB6E2E /* test05_github1Tests.swift in Sources */ = {isa = PBXBuildFile; fileRef = 00273F081A4D4B3800CB6E2E /* test05_github1Tests.swift */; };
/* End PBXBuildFile section */

/* Begin PBXContainerItemProxy section */
		00273F031A4D4B3800CB6E2E /* PBXContainerItemProxy */ = {
			isa = PBXContainerItemProxy;
			containerPortal = 00273EE51A4D4B3800CB6E2E /* Project object */;
			proxyType = 1;
			remoteGlobalIDString = 00273EEC1A4D4B3800CB6E2E;
			remoteInfo = test05_github1;
		};
/* End PBXContainerItemProxy section */

/* Begin PBXFileReference section */
		00273EED1A4D4B3800CB6E2E /* test05_github1.app */ = {isa = PBXFileReference; explicitFileType = wrapper.application; includeInIndex = 0; path = test05_github1.app; sourceTree = BUILT_PRODUCTS_DIR; };
		00273EF11A4D4B3800CB6E2E /* Info.plist */ = {isa = PBXFileReference; lastKnownFileType = text.plist.xml; path = Info.plist; sourceTree = "<group>"; };
		00273EF21A4D4B3800CB6E2E /* AppDelegate.swift */ = {isa = PBXFileReference; lastKnownFileType = sourcecode.swift; path = AppDelegate.swift; sourceTree = "<group>"; };
		00273EF41A4D4B3800CB6E2E /* ViewController.swift */ = {isa = PBXFileReference; lastKnownFileType = sourcecode.swift; path = ViewController.swift; sourceTree = "<group>"; };
		00273EF71A4D4B3800CB6E2E /* Base */ = {isa = PBXFileReference; lastKnownFileType = file.storyboard; name = Base; path = Base.lproj/Main.storyboard; sourceTree = "<group>"; };
		00273EF91A4D4B3800CB6E2E /* Images.xcassets */ = {isa = PBXFileReference; lastKnownFileType = folder.assetcatalog; path = Images.xcassets; sourceTree = "<group>"; };
		00273EFC1A4D4B3800CB6E2E /* Base */ = {isa = PBXFileReference; lastKnownFileType = file.xib; name = Base; path = Base.lproj/LaunchScreen.xib; sourceTree = "<group>"; };
		00273F021A4D4B3800CB6E2E /* test05_github1Tests.xctest */ = {isa = PBXFileReference; explicitFileType = wrapper.cfbundle; includeInIndex = 0; path = test05_github1Tests.xctest; sourceTree = BUILT_PRODUCTS_DIR; };
		00273F071A4D4B3800CB6E2E /* Info.plist */ = {isa = PBXFileReference; lastKnownFileType = text.plist.xml; path = Info.plist; sourceTree = "<group>"; };
		00273F081A4D4B3800CB6E2E /* test05_github1Tests.swift */ = {isa = PBXFileReference; lastKnownFileType = sourcecode.swift; path = test05_github1Tests.swift; sourceTree = "<group>"; };
/* End PBXFileReference section */

/* Begin PBXFrameworksBuildPhase section */
		00273EEA1A4D4B3800CB6E2E /* Frameworks */ = {
			isa = PBXFrameworksBuildPhase;
			buildActionMask = 2147483647;
			files = (
			);
			runOnlyForDeploymentPostprocessing = 0;
		};
		00273EFF1A4D4B3800CB6E2E /* Frameworks */ = {
			isa = PBXFrameworksBuildPhase;
			buildActionMask = 2147483647;
			files = (
			);
			runOnlyForDeploymentPostprocessing = 0;
		};
/* End PBXFrameworksBuildPhase section */

/* Begin PBXGroup section */
		00273EE41A4D4B3800CB6E2E = {
			isa = PBXGroup;
			children = (
				00273EEF1A4D4B3800CB6E2E /* test05_github1 */,
				00273F051A4D4B3800CB6E2E /* test05_github1Tests */,
				00273EEE1A4D4B3800CB6E2E /* Products */,
			);
			sourceTree = "<group>";
		};
		00273EEE1A4D4B3800CB6E2E /* Products */ = {
			isa = PBXGroup;
			children = (
				00273EED1A4D4B3800CB6E2E /* test05_github1.app */,
				00273F021A4D4B3800CB6E2E /* test05_github1Tests.xctest */,
			);
			name = Products;
			sourceTree = "<group>";
		};
		00273EEF1A4D4B3800CB6E2E /* test05_github1 */ = {
			isa = PBXGroup;
			children = (
				00273EF21A4D4B3800CB6E2E /* AppDelegate.swift */,
				00273EF41A4D4B3800CB6E2E /* ViewController.swift */,
				00273EF61A4D4B3800CB6E2E /* Main.storyboard */,
				00273EF91A4D4B3800CB6E2E /* Images.xcassets */,
				00273EFB1A4D4B3800CB6E2E /* LaunchScreen.xib */,
				00273EF01A4D4B3800CB6E2E /* Supporting Files */,
			);
			path = test05_github1;
			sourceTree = "<group>";
		};
		00273EF01A4D4B3800CB6E2E /* Supporting Files */ = {
			isa = PBXGroup;
			children = (
				00273EF11A4D4B3800CB6E2E /* Info.plist */,
			);
			name = "Supporting Files";
			sourceTree = "<group>";
		};
		00273F051A4D4B3800CB6E2E /* test05_github1Tests */ = {
			isa = PBXGroup;
			children = (
				00273F081A4D4B3800CB6E2E /* test05_github1Tests.swift */,
				00273F061A4D4B3800CB6E2E /* Supporting Files */,
			);
			path = test05_github1Tests;
			sourceTree = "<group>";
		};
		00273F061A4D4B3800CB6E2E /* Supporting Files */ = {
			isa = PBXGroup;
			children = (
				00273F071A4D4B3800CB6E2E /* Info.plist */,
			);
			name = "Supporting Files";
			sourceTree = "<group>";
		};
/* End PBXGroup section */

/* Begin PBXNativeTarget section */
		00273EEC1A4D4B3800CB6E2E /* test05_github1 */ = {
			isa = PBXNativeTarget;
			buildConfigurationList = 00273F0C1A4D4B3800CB6E2E /* Build configuration list for PBXNativeTarget "test05_github1" */;
			buildPhases = (
				00273EE91A4D4B3800CB6E2E /* Sources */,
				00273EEA1A4D4B3800CB6E2E /* Frameworks */,
				00273EEB1A4D4B3800CB6E2E /* Resources */,
			);
			buildRules = (
			);
			dependencies = (
			);
			name = test05_github1;
			productName = test05_github1;
			productReference = 00273EED1A4D4B3800CB6E2E /* test05_github1.app */;
			productType = "com.apple.product-type.application";
		};
		00273F011A4D4B3800CB6E2E /* test05_github1Tests */ = {
			isa = PBXNativeTarget;
			buildConfigurationList = 00273F0F1A4D4B3800CB6E2E /* Build configuration list for PBXNativeTarget "test05_github1Tests" */;
			buildPhases = (
				00273EFE1A4D4B3800CB6E2E /* Sources */,
				00273EFF1A4D4B3800CB6E2E /* Frameworks */,
				00273F001A4D4B3800CB6E2E /* Resources */,
			);
			buildRules = (
			);
			dependencies = (
				00273F041A4D4B3800CB6E2E /* PBXTargetDependency */,
			);
			name = test05_github1Tests;
			productName = test05_github1Tests;
			productReference = 00273F021A4D4B3800CB6E2E /* test05_github1Tests.xctest */;
			productType = "com.apple.product-type.bundle.unit-test";
		};
/* End PBXNativeTarget section */

/* Begin PBXProject section */
		00273EE51A4D4B3800CB6E2E /* Project object */ = {
			isa = PBXProject;
			attributes = {
				LastUpgradeCheck = 0610;
				ORGANIZATIONNAME = toc;
				TargetAttributes = {
					00273EEC1A4D4B3800CB6E2E = {
						CreatedOnToolsVersion = 6.1;
					};
					00273F011A4D4B3800CB6E2E = {
						CreatedOnToolsVersion = 6.1;
						TestTargetID = 00273EEC1A4D4B3800CB6E2E;
					};
				};
			};
			buildConfigurationList = 00273EE81A4D4B3800CB6E2E /* Build configuration list for PBXProject "test05_github1" */;
			compatibilityVersion = "Xcode 3.2";
			developmentRegion = English;
			hasScannedForEncodings = 0;
			knownRegions = (
				en,
				Base,
			);
			mainGroup = 00273EE41A4D4B3800CB6E2E;
			productRefGroup = 00273EEE1A4D4B3800CB6E2E /* Products */;
			projectDirPath = "";
			projectRoot = "";
			targets = (
				00273EEC1A4D4B3800CB6E2E /* test05_github1 */,
				00273F011A4D4B3800CB6E2E /* test05_github1Tests */,
			);
		};
/* End PBXProject section */

/* Begin PBXResourcesBuildPhase section */
		00273EEB1A4D4B3800CB6E2E /* Resources */ = {
			isa = PBXResourcesBuildPhase;
			buildActionMask = 2147483647;
			files = (
				00273EF81A4D4B3800CB6E2E /* Main.storyboard in Resources */,
				00273EFD1A4D4B3800CB6E2E /* LaunchScreen.xib in Resources */,
				00273EFA1A4D4B3800CB6E2E /* Images.xcassets in Resources */,
			);
			runOnlyForDeploymentPostprocessing = 0;
		};
		00273F001A4D4B3800CB6E2E /* Resources */ = {
			isa = PBXResourcesBuildPhase;
			buildActionMask = 2147483647;
			files = (
			);
			runOnlyForDeploymentPostprocessing = 0;
		};
/* End PBXResourcesBuildPhase section */

/* Begin PBXSourcesBuildPhase section */
		00273EE91A4D4B3800CB6E2E /* Sources */ = {
			isa = PBXSourcesBuildPhase;
			buildActionMask = 2147483647;
			files = (
				00273EF51A4D4B3800CB6E2E /* ViewController.swift in Sources */,
				00273EF31A4D4B3800CB6E2E /* AppDelegate.swift in Sources */,
			);
			runOnlyForDeploymentPostprocessing = 0;
		};
		00273EFE1A4D4B3800CB6E2E /* Sources */ = {
			isa = PBXSourcesBuildPhase;
			buildActionMask = 2147483647;
			files = (
				00273F091A4D4B3800CB6E2E /* test05_github1Tests.swift in Sources */,
			);
			runOnlyForDeploymentPostprocessing = 0;
		};
/* End PBXSourcesBuildPhase section */

/* Begin PBXTargetDependency section */
		00273F041A4D4B3800CB6E2E /* PBXTargetDependency */ = {
			isa = PBXTargetDependency;
			target = 00273EEC1A4D4B3800CB6E2E /* test05_github1 */;
			targetProxy = 00273F031A4D4B3800CB6E2E /* PBXContainerItemProxy */;
		};
/* End PBXTargetDependency section */

/* Begin PBXVariantGroup section */
		00273EF61A4D4B3800CB6E2E /* Main.storyboard */ = {
			isa = PBXVariantGroup;
			children = (
				00273EF71A4D4B3800CB6E2E /* Base */,
			);
			name = Main.storyboard;
			sourceTree = "<group>";
		};
		00273EFB1A4D4B3800CB6E2E /* LaunchScreen.xib */ = {
			isa = PBXVariantGroup;
			children = (
				00273EFC1A4D4B3800CB6E2E /* Base */,
			);
			name = LaunchScreen.xib;
			sourceTree = "<group>";
		};
/* End PBXVariantGroup section */

/* Begin XCBuildConfiguration section */
		00273F0A1A4D4B3800CB6E2E /* Debug */ = {
			isa = XCBuildConfiguration;
			buildSettings = {
				ALWAYS_SEARCH_USER_PATHS = NO;
				CLANG_CXX_LANGUAGE_STANDARD = "gnu++0x";
				CLANG_CXX_LIBRARY = "libc++";
				CLANG_ENABLE_MODULES = YES;
				CLANG_ENABLE_OBJC_ARC = YES;
				CLANG_WARN_BOOL_CONVERSION = YES;
				CLANG_WARN_CONSTANT_CONVERSION = YES;
				CLANG_WARN_DIRECT_OBJC_ISA_USAGE = YES_ERROR;
				CLANG_WARN_EMPTY_BODY = YES;
				CLANG_WARN_ENUM_CONVERSION = YES;
				CLANG_WARN_INT_CONVERSION = YES;
				CLANG_WARN_OBJC_ROOT_CLASS = YES_ERROR;
				CLANG_WARN_UNREACHABLE_CODE = YES;
				CLANG_WARN__DUPLICATE_METHOD_MATCH = YES;
				"CODE_SIGN_IDENTITY[sdk=iphoneos*]" = "iPhone Developer";
				COPY_PHASE_STRIP = NO;
				ENABLE_STRICT_OBJC_MSGSEND = YES;
				GCC_C_LANGUAGE_STANDARD = gnu99;
				GCC_DYNAMIC_NO_PIC = NO;
				GCC_OPTIMIZATION_LEVEL = 0;
				GCC_PREPROCESSOR_DEFINITIONS = (
					"DEBUG=1",
					"$(inherited)",
				);
				GCC_SYMBOLS_PRIVATE_EXTERN = NO;
				GCC_WARN_64_TO_32_BIT_CONVERSION = YES;
				GCC_WARN_ABOUT_RETURN_TYPE = YES_ERROR;
				GCC_WARN_UNDECLARED_SELECTOR = YES;
				GCC_WARN_UNINITIALIZED_AUTOS = YES_AGGRESSIVE;
				GCC_WARN_UNUSED_FUNCTION = YES;
				GCC_WARN_UNUSED_VARIABLE = YES;
				IPHONEOS_DEPLOYMENT_TARGET = 8.1;
				MTL_ENABLE_DEBUG_INFO = YES;
				ONLY_ACTIVE_ARCH = YES;
				SDKROOT = iphoneos;
				SWIFT_OPTIMIZATION_LEVEL = "-Onone";
				TARGETED_DEVICE_FAMILY = 2;
			};
			name = Debug;
		};
		00273F0B1A4D4B3800CB6E2E /* Release */ = {
			isa = XCBuildConfiguration;
			buildSettings = {
				ALWAYS_SEARCH_USER_PATHS = NO;
				CLANG_CXX_LANGUAGE_STANDARD = "gnu++0x";
				CLANG_CXX_LIBRARY = "libc++";
				CLANG_ENABLE_MODULES = YES;
				CLANG_ENABLE_OBJC_ARC = YES;
				CLANG_WARN_BOOL_CONVERSION = YES;
				CLANG_WARN_CONSTANT_CONVERSION = YES;
				CLANG_WARN_DIRECT_OBJC_ISA_USAGE = YES_ERROR;
				CLANG_WARN_EMPTY_BODY = YES;
				CLANG_WARN_ENUM_CONVERSION = YES;
				CLANG_WARN_INT_CONVERSION = YES;
				CLANG_WARN_OBJC_ROOT_CLASS = YES_ERROR;
				CLANG_WARN_UNREACHABLE_CODE = YES;
				CLANG_WARN__DUPLICATE_METHOD_MATCH = YES;
				"CODE_SIGN_IDENTITY[sdk=iphoneos*]" = "iPhone Developer";
				COPY_PHASE_STRIP = YES;
				ENABLE_NS_ASSERTIONS = NO;
				ENABLE_STRICT_OBJC_MSGSEND = YES;
				GCC_C_LANGUAGE_STANDARD = gnu99;
				GCC_WARN_64_TO_32_BIT_CONVERSION = YES;
				GCC_WARN_ABOUT_RETURN_TYPE = YES_ERROR;
				GCC_WARN_UNDECLARED_SELECTOR = YES;
				GCC_WARN_UNINITIALIZED_AUTOS = YES_AGGRESSIVE;
				GCC_WARN_UNUSED_FUNCTION = YES;
				GCC_WARN_UNUSED_VARIABLE = YES;
				IPHONEOS_DEPLOYMENT_TARGET = 8.1;
				MTL_ENABLE_DEBUG_INFO = NO;
				SDKROOT = iphoneos;
				TARGETED_DEVICE_FAMILY = 2;
				VALIDATE_PRODUCT = YES;
			};
			name = Release;
		};
		00273F0D1A4D4B3800CB6E2E /* Debug */ = {
			isa = XCBuildConfiguration;
			buildSettings = {
				ASSETCATALOG_COMPILER_APPICON_NAME = AppIcon;
				INFOPLIST_FILE = test05_github1/Info.plist;
				LD_RUNPATH_SEARCH_PATHS = "$(inherited) @executable_path/Frameworks";
				PRODUCT_NAME = "$(TARGET_NAME)";
			};
			name = Debug;
		};
		00273F0E1A4D4B3800CB6E2E /* Release */ = {
			isa = XCBuildConfiguration;
			buildSettings = {
				ASSETCATALOG_COMPILER_APPICON_NAME = AppIcon;
				INFOPLIST_FILE = test05_github1/Info.plist;
				LD_RUNPATH_SEARCH_PATHS = "$(inherited) @executable_path/Frameworks";
				PRODUCT_NAME = "$(TARGET_NAME)";
			};
			name = Release;
		};
		00273F101A4D4B3800CB6E2E /* Debug */ = {
			isa = XCBuildConfiguration;
			buildSettings = {
				BUNDLE_LOADER = "$(TEST_HOST)";
				FRAMEWORK_SEARCH_PATHS = (
					"$(SDKROOT)/Developer/Library/Frameworks",
					"$(inherited)",
				);
				GCC_PREPROCESSOR_DEFINITIONS = (
					"DEBUG=1",
					"$(inherited)",
				);
				INFOPLIST_FILE = test05_github1Tests/Info.plist;
				LD_RUNPATH_SEARCH_PATHS = "$(inherited) @executable_path/Frameworks @loader_path/Frameworks";
				PRODUCT_NAME = "$(TARGET_NAME)";
				TEST_HOST = "$(BUILT_PRODUCTS_DIR)/test05_github1.app/test05_github1";
			};
			name = Debug;
		};
		00273F111A4D4B3800CB6E2E /* Release */ = {
			isa = XCBuildConfiguration;
			buildSettings = {
				BUNDLE_LOADER = "$(TEST_HOST)";
				FRAMEWORK_SEARCH_PATHS = (
					"$(SDKROOT)/Developer/Library/Frameworks",
					"$(inherited)",
				);
				INFOPLIST_FILE = test05_github1Tests/Info.plist;
				LD_RUNPATH_SEARCH_PATHS = "$(inherited) @executable_path/Frameworks @loader_path/Frameworks";
				PRODUCT_NAME = "$(TARGET_NAME)";
				TEST_HOST = "$(BUILT_PRODUCTS_DIR)/test05_github1.app/test05_github1";
			};
			name = Release;
		};
/* End XCBuildConfiguration section */

/* Begin XCConfigurationList section */
		00273EE81A4D4B3800CB6E2E /* Build configuration list for PBXProject "test05_github1" */ = {
			isa = XCConfigurationList;
			buildConfigurations = (
				00273F0A1A4D4B3800CB6E2E /* Debug */,
				00273F0B1A4D4B3800CB6E2E /* Release */,
			);
			defaultConfigurationIsVisible = 0;
			defaultConfigurationName = Release;
		};
		00273F0C1A4D4B3800CB6E2E /* Build configuration list for PBXNativeTarget "test05_github1" */ = {
			isa = XCConfigurationList;
			buildConfigurations = (
				00273F0D1A4D4B3800CB6E2E /* Debug */,
				00273F0E1A4D4B3800CB6E2E /* Release */,
			);
			defaultConfigurationIsVisible = 0;
		};
		00273F0F1A4D4B3800CB6E2E /* Build configuration list for PBXNativeTarget "test05_github1Tests" */ = {
			isa = XCConfigurationList;
			buildConfigurations = (
				00273F101A4D4B3800CB6E2E /* Debug */,
				00273F111A4D4B3800CB6E2E /* Release */,
			);
			defaultConfigurationIsVisible = 0;
		};
/* End XCConfigurationList section */
	};
	rootObject = 00273EE51A4D4B3800CB6E2E /* Project object */;
}
